// !$*UTF8*$!
{
	archiveVersion = 1;
	classes = {
	};
	objectVersion = 77;
	objects = {

/* Begin PBXBuildFile section */
		0505BE5048823C6709BC88D5 /* TranscriptManager.swift in Sources */ = {isa = PBXBuildFile; fileRef = 266B6E28D8B67CF3CE773F49 /* TranscriptManager.swift */; };
		0676999F2C2A399CA5D76F39 /* MenuBarView.swift in Sources */ = {isa = PBXBuildFile; fileRef = 00574AFD166708FE34B2F1F8 /* MenuBarView.swift */; };
		109EE0D5F014DD13024C8318 /* DylanRecordApp.swift in Sources */ = {isa = PBXBuildFile; fileRef = 9256F998F9E53134486584EC /* DylanRecordApp.swift */; };
		11F1B28550C76869F747DA2C /* TranscriptDraftStoreTests.swift in Sources */ = {isa = PBXBuildFile; fileRef = F65D7DF0CCCBB215DBAB38DD /* TranscriptDraftStoreTests.swift */; };
		155B2C4600D0CBFAA7526B9C /* AppState.swift in Sources */ = {isa = PBXBuildFile; fileRef = A648FFB0960536FB37AB8E7D /* AppState.swift */; };
		29C10CF252D177C4D5BC765B /* Notifier.swift in Sources */ = {isa = PBXBuildFile; fileRef = 571D284503AD56FAACEF2633 /* Notifier.swift */; };
		2D1F60EC0A5EB2F41E051485 /* TranscriptDraftStore.swift in Sources */ = {isa = PBXBuildFile; fileRef = E49A5A11B190C8C57678C662 /* TranscriptDraftStore.swift */; };
		31E4E009D608845EB8FE9CA2 /* DeepgramClient.swift in Sources */ = {isa = PBXBuildFile; fileRef = 4C7D94B101A68D2FF20252C2 /* DeepgramClient.swift */; };
		33737F7B66560F0FD20C7A6D /* MeetingWatcher.swift in Sources */ = {isa = PBXBuildFile; fileRef = 313820ADC21EAE88C6359795 /* MeetingWatcher.swift */; };
		3A7AEF0AD3BDCAD2D77F6E70 /* MarkdownExporter.swift in Sources */ = {isa = PBXBuildFile; fileRef = C6BE314104E0109938F6138B /* MarkdownExporter.swift */; };
		497230F9C79F638784474258 /* MarkdownExporterTests.swift in Sources */ = {isa = PBXBuildFile; fileRef = 591F7F7936B9C3952BD319D4 /* MarkdownExporterTests.swift */; };
		674DE75CDB960336BD518295 /* MeetingSummarizer.swift in Sources */ = {isa = PBXBuildFile; fileRef = 82C46254D3F9EDD91373EDDD /* MeetingSummarizer.swift */; };
		694C1776596D7AD6650365C8 /* DeepgramModels.swift in Sources */ = {isa = PBXBuildFile; fileRef = E9FDB415D62C1FB2A0998695 /* DeepgramModels.swift */; };
		73E0900D02EE17A950ED713F /* AudioCombiner.swift in Sources */ = {isa = PBXBuildFile; fileRef = 4312AF3AF7682B4956EC26A5 /* AudioCombiner.swift */; };
		7B529B1651A12A57C7E40B26 /* SystemAudioCapture.swift in Sources */ = {isa = PBXBuildFile; fileRef = BE857D22D6B97BAF7A22F2AC /* SystemAudioCapture.swift */; };
		7DDFC13A2DF3A8E71EB49C4C /* RingBuffer.swift in Sources */ = {isa = PBXBuildFile; fileRef = 9D40133E6327E3A5678AB1AF /* RingBuffer.swift */; };
		817E9202F419411B9EC1D465 /* RingBufferTests.swift in Sources */ = {isa = PBXBuildFile; fileRef = 72B83B4D9954EF508A7A6D65 /* RingBufferTests.swift */; };
		8684F6184ABF7BBEE8B4A1A3 /* AudioConverter.swift in Sources */ = {isa = PBXBuildFile; fileRef = 9423857827EC40049191C2C2 /* AudioConverter.swift */; };
		90A1777E150B486373A21ADB /* ChannelWatchdog.swift in Sources */ = {isa = PBXBuildFile; fileRef = E9DB559F54B45FD0328CD70D /* ChannelWatchdog.swift */; };
		94CB1B1AB64E40725755474A /* DeepgramModelsTests.swift in Sources */ = {isa = PBXBuildFile; fileRef = 840FCFB12E17627AC96417EE /* DeepgramModelsTests.swift */; };
		99E380023496BC56218A5A1C /* SavePopover.swift in Sources */ = {isa = PBXBuildFile; fileRef = 08CF749436A97A3F15CC7D56 /* SavePopover.swift */; };
		C38B2D4B3615F2BF8B3E9D12 /* AudioBackupWriter.swift in Sources */ = {isa = PBXBuildFile; fileRef = 0454742CC16B959BCF6006F5 /* AudioBackupWriter.swift */; };
		CA289D1670F399ED5BC5E758 /* DeepgramClientTests.swift in Sources */ = {isa = PBXBuildFile; fileRef = C665702A5A27D2AA84BF79D5 /* DeepgramClientTests.swift */; };
		CB12CE9B0C71896FA2A474A9 /* SettingsView.swift in Sources */ = {isa = PBXBuildFile; fileRef = BE8A199DE738080C60D63B03 /* SettingsView.swift */; };
		D087952EC06D6B77DC1D492F /* CalendarService.swift in Sources */ = {isa = PBXBuildFile; fileRef = 4AC287D6F90CAA2F09C38584 /* CalendarService.swift */; };
		DD1A3453C16AAF6A8E469E92 /* TranscriptManagerTests.swift in Sources */ = {isa = PBXBuildFile; fileRef = BAF95470EFA955E4F938CB3E /* TranscriptManagerTests.swift */; };
		E5CD27F234F6B66638FB67C2 /* Assets.xcassets in Resources */ = {isa = PBXBuildFile; fileRef = FD20E7D3C9B347AE96AE3D4D /* Assets.xcassets */; };
		E7B44B0BCB9D911C9FAC290B /* SilenceDetector.swift in Sources */ = {isa = PBXBuildFile; fileRef = 1DFC9A3E2F59DCE704C522B1 /* SilenceDetector.swift */; };
		FE63ED5F0ACF8715C9EC01B4 /* MicCapture.swift in Sources */ = {isa = PBXBuildFile; fileRef = CC2958458319157620AB75D6 /* MicCapture.swift */; };
		FEE78333303A6D4CA7AF5775 /* AudioBackupWriterTests.swift in Sources */ = {isa = PBXBuildFile; fileRef = 0D60447155A340E1E2F91D3F /* AudioBackupWriterTests.swift */; };
/* End PBXBuildFile section */

/* Begin PBXContainerItemProxy section */
		1E5D178C2561C5C4B32B8FA3 /* PBXContainerItemProxy */ = {
			isa = PBXContainerItemProxy;
			containerPortal = FCA5B85ED68D5359B6A910D8 /* Project object */;
			proxyType = 1;
			remoteGlobalIDString = 7EC0BABDB35649FCC579C2B4;
			remoteInfo = DylanRecord;
		};
/* End PBXContainerItemProxy section */

/* Begin PBXFileReference section */
		00574AFD166708FE34B2F1F8 /* MenuBarView.swift */ = {isa = PBXFileReference; lastKnownFileType = sourcecode.swift; path = MenuBarView.swift; sourceTree = "<group>"; };
		0454742CC16B959BCF6006F5 /* AudioBackupWriter.swift */ = {isa = PBXFileReference; lastKnownFileType = sourcecode.swift; path = AudioBackupWriter.swift; sourceTree = "<group>"; };
		08CF749436A97A3F15CC7D56 /* SavePopover.swift */ = {isa = PBXFileReference; lastKnownFileType = sourcecode.swift; path = SavePopover.swift; sourceTree = "<group>"; };
		0D60447155A340E1E2F91D3F /* AudioBackupWriterTests.swift */ = {isa = PBXFileReference; lastKnownFileType = sourcecode.swift; path = AudioBackupWriterTests.swift; sourceTree = "<group>"; };
		1DFC9A3E2F59DCE704C522B1 /* SilenceDetector.swift */ = {isa = PBXFileReference; lastKnownFileType = sourcecode.swift; path = SilenceDetector.swift; sourceTree = "<group>"; };
		266B6E28D8B67CF3CE773F49 /* TranscriptManager.swift */ = {isa = PBXFileReference; lastKnownFileType = sourcecode.swift; path = TranscriptManager.swift; sourceTree = "<group>"; };
		313820ADC21EAE88C6359795 /* MeetingWatcher.swift */ = {isa = PBXFileReference; lastKnownFileType = sourcecode.swift; path = MeetingWatcher.swift; sourceTree = "<group>"; };
		4312AF3AF7682B4956EC26A5 /* AudioCombiner.swift */ = {isa = PBXFileReference; lastKnownFileType = sourcecode.swift; path = AudioCombiner.swift; sourceTree = "<group>"; };
		4AC287D6F90CAA2F09C38584 /* CalendarService.swift */ = {isa = PBXFileReference; lastKnownFileType = sourcecode.swift; path = CalendarService.swift; sourceTree = "<group>"; };
		4C7D94B101A68D2FF20252C2 /* DeepgramClient.swift */ = {isa = PBXFileReference; lastKnownFileType = sourcecode.swift; path = DeepgramClient.swift; sourceTree = "<group>"; };
		571D284503AD56FAACEF2633 /* Notifier.swift */ = {isa = PBXFileReference; lastKnownFileType = sourcecode.swift; path = Notifier.swift; sourceTree = "<group>"; };
		591F7F7936B9C3952BD319D4 /* MarkdownExporterTests.swift */ = {isa = PBXFileReference; lastKnownFileType = sourcecode.swift; path = MarkdownExporterTests.swift; sourceTree = "<group>"; };
		72B83B4D9954EF508A7A6D65 /* RingBufferTests.swift */ = {isa = PBXFileReference; lastKnownFileType = sourcecode.swift; path = RingBufferTests.swift; sourceTree = "<group>"; };
		82C46254D3F9EDD91373EDDD /* MeetingSummarizer.swift */ = {isa = PBXFileReference; lastKnownFileType = sourcecode.swift; path = MeetingSummarizer.swift; sourceTree = "<group>"; };
		840FCFB12E17627AC96417EE /* DeepgramModelsTests.swift */ = {isa = PBXFileReference; lastKnownFileType = sourcecode.swift; path = DeepgramModelsTests.swift; sourceTree = "<group>"; };
		9256F998F9E53134486584EC /* DylanRecordApp.swift */ = {isa = PBXFileReference; lastKnownFileType = sourcecode.swift; path = DylanRecordApp.swift; sourceTree = "<group>"; };
		9423857827EC40049191C2C2 /* AudioConverter.swift */ = {isa = PBXFileReference; lastKnownFileType = sourcecode.swift; path = AudioConverter.swift; sourceTree = "<group>"; };
		9D40133E6327E3A5678AB1AF /* RingBuffer.swift */ = {isa = PBXFileReference; lastKnownFileType = sourcecode.swift; path = RingBuffer.swift; sourceTree = "<group>"; };
		A648FFB0960536FB37AB8E7D /* AppState.swift */ = {isa = PBXFileReference; lastKnownFileType = sourcecode.swift; path = AppState.swift; sourceTree = "<group>"; };
		B5565CCE3F71BDC1060A35C2 /* Info.plist */ = {isa = PBXFileReference; lastKnownFileType = text.plist; path = Info.plist; sourceTree = "<group>"; };
		BAF95470EFA955E4F938CB3E /* TranscriptManagerTests.swift */ = {isa = PBXFileReference; lastKnownFileType = sourcecode.swift; path = TranscriptManagerTests.swift; sourceTree = "<group>"; };
		BE857D22D6B97BAF7A22F2AC /* SystemAudioCapture.swift */ = {isa = PBXFileReference; lastKnownFileType = sourcecode.swift; path = SystemAudioCapture.swift; sourceTree = "<group>"; };
		BE8A199DE738080C60D63B03 /* SettingsView.swift */ = {isa = PBXFileReference; lastKnownFileType = sourcecode.swift; path = SettingsView.swift; sourceTree = "<group>"; };
		C665702A5A27D2AA84BF79D5 /* DeepgramClientTests.swift */ = {isa = PBXFileReference; lastKnownFileType = sourcecode.swift; path = DeepgramClientTests.swift; sourceTree = "<group>"; };
		C6BE314104E0109938F6138B /* MarkdownExporter.swift */ = {isa = PBXFileReference; lastKnownFileType = sourcecode.swift; path = MarkdownExporter.swift; sourceTree = "<group>"; };
		CBB89DDB5423F220D2C7423D /* DylanRecord.app */ = {isa = PBXFileReference; explicitFileType = wrapper.application; includeInIndex = 0; path = DylanRecord.app; sourceTree = BUILT_PRODUCTS_DIR; };
		CC2958458319157620AB75D6 /* MicCapture.swift */ = {isa = PBXFileReference; lastKnownFileType = sourcecode.swift; path = MicCapture.swift; sourceTree = "<group>"; };
		D4373D0325BEC9A940713663 /* DylanRecordTests.xctest */ = {isa = PBXFileReference; explicitFileType = wrapper.cfbundle; includeInIndex = 0; path = DylanRecordTests.xctest; sourceTree = BUILT_PRODUCTS_DIR; };
		E49A5A11B190C8C57678C662 /* TranscriptDraftStore.swift */ = {isa = PBXFileReference; lastKnownFileType = sourcecode.swift; path = TranscriptDraftStore.swift; sourceTree = "<group>"; };
		E9DB559F54B45FD0328CD70D /* ChannelWatchdog.swift */ = {isa = PBXFileReference; lastKnownFileType = sourcecode.swift; path = ChannelWatchdog.swift; sourceTree = "<group>"; };
		E9FDB415D62C1FB2A0998695 /* DeepgramModels.swift */ = {isa = PBXFileReference; lastKnownFileType = sourcecode.swift; path = DeepgramModels.swift; sourceTree = "<group>"; };
		F02F01E83DBC2BFDAABEDAAB /* DylanRecord.entitlements */ = {isa = PBXFileReference; lastKnownFileType = text.plist.entitlements; path = DylanRecord.entitlements; sourceTree = "<group>"; };
		F65D7DF0CCCBB215DBAB38DD /* TranscriptDraftStoreTests.swift */ = {isa = PBXFileReference; lastKnownFileType = sourcecode.swift; path = TranscriptDraftStoreTests.swift; sourceTree = "<group>"; };
		FD20E7D3C9B347AE96AE3D4D /* Assets.xcassets */ = {isa = PBXFileReference; lastKnownFileType = folder.assetcatalog; path = Assets.xcassets; sourceTree = "<group>"; };
/* End PBXFileReference section */

/* Begin PBXGroup section */
		05812B6866D21D3D4BC324B9 /* DylanRecordTests */ = {
			isa = PBXGroup;
			children = (
				0D60447155A340E1E2F91D3F /* AudioBackupWriterTests.swift */,
				C665702A5A27D2AA84BF79D5 /* DeepgramClientTests.swift */,
				840FCFB12E17627AC96417EE /* DeepgramModelsTests.swift */,
				591F7F7936B9C3952BD319D4 /* MarkdownExporterTests.swift */,
				72B83B4D9954EF508A7A6D65 /* RingBufferTests.swift */,
				F65D7DF0CCCBB215DBAB38DD /* TranscriptDraftStoreTests.swift */,
				BAF95470EFA955E4F938CB3E /* TranscriptManagerTests.swift */,
			);
			path = DylanRecordTests;
			sourceTree = "<group>";
		};
		05D48FBF7D89D7063173B614 /* DylanRecord */ = {
			isa = PBXGroup;
			children = (
				FD20E7D3C9B347AE96AE3D4D /* Assets.xcassets */,
				F02F01E83DBC2BFDAABEDAAB /* DylanRecord.entitlements */,
				B5565CCE3F71BDC1060A35C2 /* Info.plist */,
				0C2CC6AB0D413D27FE125A5B /* App */,
				CD1E26891D8C564CC6C8A97A /* Audio */,
				343B041C415F9D93905C8414 /* Export */,
				E00AE5E43B200B9BF315CB6F /* Transcription */,
				664394C39D51841E7A3904D3 /* UI */,
			);
			path = DylanRecord;
			sourceTree = "<group>";
		};
		0C2CC6AB0D413D27FE125A5B /* App */ = {
			isa = PBXGroup;
			children = (
				A648FFB0960536FB37AB8E7D /* AppState.swift */,
				9256F998F9E53134486584EC /* DylanRecordApp.swift */,
				571D284503AD56FAACEF2633 /* Notifier.swift */,
			);
			path = App;
			sourceTree = "<group>";
		};
		343B041C415F9D93905C8414 /* Export */ = {
			isa = PBXGroup;
			children = (
				4AC287D6F90CAA2F09C38584 /* CalendarService.swift */,
				C6BE314104E0109938F6138B /* MarkdownExporter.swift */,
				82C46254D3F9EDD91373EDDD /* MeetingSummarizer.swift */,
				313820ADC21EAE88C6359795 /* MeetingWatcher.swift */,
				E49A5A11B190C8C57678C662 /* TranscriptDraftStore.swift */,
			);
			path = Export;
			sourceTree = "<group>";
		};
		5CEA77AF3A3FFA7AAC617978 = {
			isa = PBXGroup;
			children = (
				05D48FBF7D89D7063173B614 /* DylanRecord */,
				05812B6866D21D3D4BC324B9 /* DylanRecordTests */,
				84752BE07F96C203D6DC970A /* Products */,
			);
			sourceTree = "<group>";
		};
		664394C39D51841E7A3904D3 /* UI */ = {
			isa = PBXGroup;
			children = (
				00574AFD166708FE34B2F1F8 /* MenuBarView.swift */,
				08CF749436A97A3F15CC7D56 /* SavePopover.swift */,
				BE8A199DE738080C60D63B03 /* SettingsView.swift */,
			);
			path = UI;
			sourceTree = "<group>";
		};
		84752BE07F96C203D6DC970A /* Products */ = {
			isa = PBXGroup;
			children = (
				CBB89DDB5423F220D2C7423D /* DylanRecord.app */,
				D4373D0325BEC9A940713663 /* DylanRecordTests.xctest */,
			);
			name = Products;
			sourceTree = "<group>";
		};
		CD1E26891D8C564CC6C8A97A /* Audio */ = {
			isa = PBXGroup;
			children = (
				0454742CC16B959BCF6006F5 /* AudioBackupWriter.swift */,
				4312AF3AF7682B4956EC26A5 /* AudioCombiner.swift */,
				9423857827EC40049191C2C2 /* AudioConverter.swift */,
				E9DB559F54B45FD0328CD70D /* ChannelWatchdog.swift */,
				CC2958458319157620AB75D6 /* MicCapture.swift */,
				9D40133E6327E3A5678AB1AF /* RingBuffer.swift */,
				1DFC9A3E2F59DCE704C522B1 /* SilenceDetector.swift */,
				BE857D22D6B97BAF7A22F2AC /* SystemAudioCapture.swift */,
			);
			path = Audio;
			sourceTree = "<group>";
		};
		E00AE5E43B200B9BF315CB6F /* Transcription */ = {
			isa = PBXGroup;
			children = (
				4C7D94B101A68D2FF20252C2 /* DeepgramClient.swift */,
				E9FDB415D62C1FB2A0998695 /* DeepgramModels.swift */,
				266B6E28D8B67CF3CE773F49 /* TranscriptManager.swift */,
			);
			path = Transcription;
			sourceTree = "<group>";
		};
/* End PBXGroup section */

/* Begin PBXNativeTarget section */
		7EC0BABDB35649FCC579C2B4 /* DylanRecord */ = {
			isa = PBXNativeTarget;
			buildConfigurationList = EFBECCAE30359166382CD5F8 /* Build configuration list for PBXNativeTarget "DylanRecord" */;
			buildPhases = (
				A10FF74511F007F14694490F /* Sources */,
				67298233FE0648F80D14EE9D /* Resources */,
			);
			buildRules = (
			);
			dependencies = (
			);
			name = DylanRecord;
			packageProductDependencies = (
			);
			productName = DylanRecord;
			productReference = CBB89DDB5423F220D2C7423D /* DylanRecord.app */;
			productType = "com.apple.product-type.application";
		};
		F51D05138EDF3A6EB3D5E9A0 /* DylanRecordTests */ = {
			isa = PBXNativeTarget;
			buildConfigurationList = 06F8299C97A69CB7AB01D3D8 /* Build configuration list for PBXNativeTarget "DylanRecordTests" */;
			buildPhases = (
				7B517813B698981152AB0C04 /* Sources */,
			);
			buildRules = (
			);
			dependencies = (
				3CC34A2117272BC37B82C140 /* PBXTargetDependency */,
			);
			name = DylanRecordTests;
			packageProductDependencies = (
			);
			productName = DylanRecordTests;
			productReference = D4373D0325BEC9A940713663 /* DylanRecordTests.xctest */;
			productType = "com.apple.product-type.bundle.unit-test";
		};
/* End PBXNativeTarget section */

/* Begin PBXProject section */
		FCA5B85ED68D5359B6A910D8 /* Project object */ = {
			isa = PBXProject;
			attributes = {
				BuildIndependentTargetsInParallel = YES;
				LastUpgradeCheck = 1600;
				TargetAttributes = {
				};
			};
			buildConfigurationList = 0929A8BACC0477D035401186 /* Build configuration list for PBXProject "DylanRecord" */;
			developmentRegion = en;
			hasScannedForEncodings = 0;
			knownRegions = (
				Base,
				en,
			);
			mainGroup = 5CEA77AF3A3FFA7AAC617978;
			minimizedProjectReferenceProxies = 1;
			preferredProjectObjectVersion = 77;
			productRefGroup = 84752BE07F96C203D6DC970A /* Products */;
			projectDirPath = "";
			projectRoot = "";
			targets = (
				7EC0BABDB35649FCC579C2B4 /* DylanRecord */,
				F51D05138EDF3A6EB3D5E9A0 /* DylanRecordTests */,
			);
		};
/* End PBXProject section */

/* Begin PBXResourcesBuildPhase section */
		67298233FE0648F80D14EE9D /* Resources */ = {
			isa = PBXResourcesBuildPhase;
			buildActionMask = 2147483647;
			files = (
				E5CD27F234F6B66638FB67C2 /* Assets.xcassets in Resources */,
			);
			runOnlyForDeploymentPostprocessing = 0;
		};
/* End PBXResourcesBuildPhase section */

/* Begin PBXSourcesBuildPhase section */
		7B517813B698981152AB0C04 /* Sources */ = {
			isa = PBXSourcesBuildPhase;
			buildActionMask = 2147483647;
			files = (
				FEE78333303A6D4CA7AF5775 /* AudioBackupWriterTests.swift in Sources */,
				CA289D1670F399ED5BC5E758 /* DeepgramClientTests.swift in Sources */,
				94CB1B1AB64E40725755474A /* DeepgramModelsTests.swift in Sources */,
				497230F9C79F638784474258 /* MarkdownExporterTests.swift in Sources */,
				817E9202F419411B9EC1D465 /* RingBufferTests.swift in Sources */,
				11F1B28550C76869F747DA2C /* TranscriptDraftStoreTests.swift in Sources */,
				DD1A3453C16AAF6A8E469E92 /* TranscriptManagerTests.swift in Sources */,
			);
			runOnlyForDeploymentPostprocessing = 0;
		};
		A10FF74511F007F14694490F /* Sources */ = {
			isa = PBXSourcesBuildPhase;
			buildActionMask = 2147483647;
			files = (
				155B2C4600D0CBFAA7526B9C /* AppState.swift in Sources */,
				C38B2D4B3615F2BF8B3E9D12 /* AudioBackupWriter.swift in Sources */,
				73E0900D02EE17A950ED713F /* AudioCombiner.swift in Sources */,
				8684F6184ABF7BBEE8B4A1A3 /* AudioConverter.swift in Sources */,
				D087952EC06D6B77DC1D492F /* CalendarService.swift in Sources */,
				90A1777E150B486373A21ADB /* ChannelWatchdog.swift in Sources */,
				31E4E009D608845EB8FE9CA2 /* DeepgramClient.swift in Sources */,
				694C1776596D7AD6650365C8 /* DeepgramModels.swift in Sources */,
				109EE0D5F014DD13024C8318 /* DylanRecordApp.swift in Sources */,
				3A7AEF0AD3BDCAD2D77F6E70 /* MarkdownExporter.swift in Sources */,
				674DE75CDB960336BD518295 /* MeetingSummarizer.swift in Sources */,
				33737F7B66560F0FD20C7A6D /* MeetingWatcher.swift in Sources */,
				0676999F2C2A399CA5D76F39 /* MenuBarView.swift in Sources */,
				FE63ED5F0ACF8715C9EC01B4 /* MicCapture.swift in Sources */,
				29C10CF252D177C4D5BC765B /* Notifier.swift in Sources */,
				7DDFC13A2DF3A8E71EB49C4C /* RingBuffer.swift in Sources */,
				99E380023496BC56218A5A1C /* SavePopover.swift in Sources */,
				CB12CE9B0C71896FA2A474A9 /* SettingsView.swift in Sources */,
				E7B44B0BCB9D911C9FAC290B /* SilenceDetector.swift in Sources */,
				7B529B1651A12A57C7E40B26 /* SystemAudioCapture.swift in Sources */,
				2D1F60EC0A5EB2F41E051485 /* TranscriptDraftStore.swift in Sources */,
				0505BE5048823C6709BC88D5 /* TranscriptManager.swift in Sources */,
			);
			runOnlyForDeploymentPostprocessing = 0;
		};
/* End PBXSourcesBuildPhase section */

/* Begin PBXTargetDependency section */
		3CC34A2117272BC37B82C140 /* PBXTargetDependency */ = {
			isa = PBXTargetDependency;
			target = 7EC0BABDB35649FCC579C2B4 /* DylanRecord */;
			targetProxy = 1E5D178C2561C5C4B32B8FA3 /* PBXContainerItemProxy */;
		};
/* End PBXTargetDependency section */

/* Begin XCBuildConfiguration section */
		3411935453B395FC998E65A8 /* Debug */ = {
			isa = XCBuildConfiguration;
			buildSettings = {
				ASSETCATALOG_COMPILER_APPICON_NAME = AppIcon;
				CODE_SIGN_ENTITLEMENTS = DylanRecord/DylanRecord.entitlements;
				COMBINE_HIDPI_IMAGES = YES;
				CURRENT_PROJECT_VERSION = 1;
				ENABLE_HARDENED_RUNTIME = YES;
				INFOPLIST_FILE = DylanRecord/Info.plist;
				LD_RUNPATH_SEARCH_PATHS = (
					"$(inherited)",
					"@executable_path/../Frameworks",
				);
				MACOSX_DEPLOYMENT_TARGET = 14.2;
				MARKETING_VERSION = 0.1.0;
				PRODUCT_BUNDLE_IDENTIFIER = com.rasmus.dylanrecord;
				SDKROOT = macosx;
				SWIFT_STRICT_CONCURRENCY = minimal;
				SWIFT_VERSION = 6.0;
			};
			name = Debug;
		};
		37BE06C8686731BBD1F56A0D /* Release */ = {
			isa = XCBuildConfiguration;
			buildSettings = {
				ASSETCATALOG_COMPILER_APPICON_NAME = AppIcon;
				CODE_SIGN_ENTITLEMENTS = DylanRecord/DylanRecord.entitlements;
				COMBINE_HIDPI_IMAGES = YES;
				CURRENT_PROJECT_VERSION = 1;
				ENABLE_HARDENED_RUNTIME = YES;
				INFOPLIST_FILE = DylanRecord/Info.plist;
				LD_RUNPATH_SEARCH_PATHS = (
					"$(inherited)",
					"@executable_path/../Frameworks",
				);
				MACOSX_DEPLOYMENT_TARGET = 14.2;
				MARKETING_VERSION = 0.1.0;
				PRODUCT_BUNDLE_IDENTIFIER = com.rasmus.dylanrecord;
				SDKROOT = macosx;
				SWIFT_STRICT_CONCURRENCY = minimal;
				SWIFT_VERSION = 6.0;
			};
			name = Release;
		};
		510ABB68AEF0D091102C5617 /* Debug */ = {
			isa = XCBuildConfiguration;
			buildSettings = {
				ALWAYS_SEARCH_USER_PATHS = NO;
				CLANG_ANALYZER_NONNULL = YES;
				CLANG_ANALYZER_NUMBER_OBJECT_CONVERSION = YES_AGGRESSIVE;
				CLANG_CXX_LANGUAGE_STANDARD = "gnu++14";
				CLANG_CXX_LIBRARY = "libc++";
				CLANG_ENABLE_MODULES = YES;
				CLANG_ENABLE_OBJC_ARC = YES;
				CLANG_ENABLE_OBJC_WEAK = YES;
				CLANG_WARN_BLOCK_CAPTURE_AUTORELEASING = YES;
				CLANG_WARN_BOOL_CONVERSION = YES;
				CLANG_WARN_COMMA = YES;
				CLANG_WARN_CONSTANT_CONVERSION = YES;
				CLANG_WARN_DEPRECATED_OBJC_IMPLEMENTATIONS = YES;
				CLANG_WARN_DIRECT_OBJC_ISA_USAGE = YES_ERROR;
				CLANG_WARN_DOCUMENTATION_COMMENTS = YES;
				CLANG_WARN_EMPTY_BODY = YES;
				CLANG_WARN_ENUM_CONVERSION = YES;
				CLANG_WARN_INFINITE_RECURSION = YES;
				CLANG_WARN_INT_CONVERSION = YES;
				CLANG_WARN_NON_LITERAL_NULL_CONVERSION = YES;
				CLANG_WARN_OBJC_IMPLICIT_RETAIN_SELF = YES;
				CLANG_WARN_OBJC_LITERAL_CONVERSION = YES;
				CLANG_WARN_OBJC_ROOT_CLASS = YES_ERROR;
				CLANG_WARN_QUOTED_INCLUDE_IN_FRAMEWORK_HEADER = YES;
				CLANG_WARN_RANGE_LOOP_ANALYSIS = YES;
				CLANG_WARN_STRICT_PROTOTYPES = YES;
				CLANG_WARN_SUSPICIOUS_MOVE = YES;
				CLANG_WARN_UNGUARDED_AVAILABILITY = YES_AGGRESSIVE;
				CLANG_WARN_UNREACHABLE_CODE = YES;
				CLANG_WARN__DUPLICATE_METHOD_MATCH = YES;
				COPY_PHASE_STRIP = NO;
				DEBUG_INFORMATION_FORMAT = dwarf;
				ENABLE_STRICT_OBJC_MSGSEND = YES;
				ENABLE_TESTABILITY = YES;
				GCC_C_LANGUAGE_STANDARD = gnu11;
				GCC_DYNAMIC_NO_PIC = NO;
				GCC_NO_COMMON_BLOCKS = YES;
				GCC_OPTIMIZATION_LEVEL = 0;
				GCC_PREPROCESSOR_DEFINITIONS = (
					"$(inherited)",
					"DEBUG=1",
				);
				GCC_WARN_64_TO_32_BIT_CONVERSION = YES;
				GCC_WARN_ABOUT_RETURN_TYPE = YES_ERROR;
				GCC_WARN_UNDECLARED_SELECTOR = YES;
				GCC_WARN_UNINITIALIZED_AUTOS = YES_AGGRESSIVE;
				GCC_WARN_UNUSED_FUNCTION = YES;
				GCC_WARN_UNUSED_VARIABLE = YES;
				MACOSX_DEPLOYMENT_TARGET = 14.2;
				MTL_ENABLE_DEBUG_INFO = INCLUDE_SOURCE;
				MTL_FAST_MATH = YES;
				ONLY_ACTIVE_ARCH = YES;
				PRODUCT_NAME = "$(TARGET_NAME)";
				SDKROOT = macosx;
				SWIFT_ACTIVE_COMPILATION_CONDITIONS = DEBUG;
				SWIFT_OPTIMIZATION_LEVEL = "-Onone";
				SWIFT_VERSION = 5.0;
			};
			name = Debug;
		};
		71A7F826667A56805407C8C0 /* Debug */ = {
			isa = XCBuildConfiguration;
			buildSettings = {
				BUNDLE_LOADER = "$(TEST_HOST)";
				COMBINE_HIDPI_IMAGES = YES;
				GENERATE_INFOPLIST_FILE = YES;
				LD_RUNPATH_SEARCH_PATHS = (
					"$(inherited)",
					"@executable_path/../Frameworks",
					"@loader_path/../Frameworks",
				);
				PRODUCT_BUNDLE_IDENTIFIER = com.rasmus.DylanRecordTests;
				SDKROOT = macosx;
				SWIFT_VERSION = 6.0;
				TEST_HOST = "$(BUILT_PRODUCTS_DIR)/DylanRecord.app/Contents/MacOS/DylanRecord";
			};
			name = Debug;
		};
		92DBFA643E1F0370766BD38D /* Release */ = {
			isa = XCBuildConfiguration;
			buildSettings = {
				ALWAYS_SEARCH_USER_PATHS = NO;
				CLANG_ANALYZER_NONNULL = YES;
				CLANG_ANALYZER_NUMBER_OBJECT_CONVERSION = YES_AGGRESSIVE;
				CLANG_CXX_LANGUAGE_STANDARD = "gnu++14";
				CLANG_CXX_LIBRARY = "libc++";
				CLANG_ENABLE_MODULES = YES;
				CLANG_ENABLE_OBJC_ARC = YES;
				CLANG_ENABLE_OBJC_WEAK = YES;
				CLANG_WARN_BLOCK_CAPTURE_AUTORELEASING = YES;
				CLANG_WARN_BOOL_CONVERSION = YES;
				CLANG_WARN_COMMA = YES;
				CLANG_WARN_CONSTANT_CONVERSION = YES;
				CLANG_WARN_DEPRECATED_OBJC_IMPLEMENTATIONS = YES;
				CLANG_WARN_DIRECT_OBJC_ISA_USAGE = YES_ERROR;
				CLANG_WARN_DOCUMENTATION_COMMENTS = YES;
				CLANG_WARN_EMPTY_BODY = YES;
				CLANG_WARN_ENUM_CONVERSION = YES;
				CLANG_WARN_INFINITE_RECURSION = YES;
				CLANG_WARN_INT_CONVERSION = YES;
				CLANG_WARN_NON_LITERAL_NULL_CONVERSION = YES;
				CLANG_WARN_OBJC_IMPLICIT_RETAIN_SELF = YES;
				CLANG_WARN_OBJC_LITERAL_CONVERSION = YES;
				CLANG_WARN_OBJC_ROOT_CLASS = YES_ERROR;
				CLANG_WARN_QUOTED_INCLUDE_IN_FRAMEWORK_HEADER = YES;
				CLANG_WARN_RANGE_LOOP_ANALYSIS = YES;
				CLANG_WARN_STRICT_PROTOTYPES = YES;
				CLANG_WARN_SUSPICIOUS_MOVE = YES;
				CLANG_WARN_UNGUARDED_AVAILABILITY = YES_AGGRESSIVE;
				CLANG_WARN_UNREACHABLE_CODE = YES;
				CLANG_WARN__DUPLICATE_METHOD_MATCH = YES;
				COPY_PHASE_STRIP = NO;
				DEBUG_INFORMATION_FORMAT = "dwarf-with-dsym";
				ENABLE_NS_ASSERTIONS = NO;
				ENABLE_STRICT_OBJC_MSGSEND = YES;
				GCC_C_LANGUAGE_STANDARD = gnu11;
				GCC_NO_COMMON_BLOCKS = YES;
				GCC_WARN_64_TO_32_BIT_CONVERSION = YES;
				GCC_WARN_ABOUT_RETURN_TYPE = YES_ERROR;
				GCC_WARN_UNDECLARED_SELECTOR = YES;
				GCC_WARN_UNINITIALIZED_AUTOS = YES_AGGRESSIVE;
				GCC_WARN_UNUSED_FUNCTION = YES;
				GCC_WARN_UNUSED_VARIABLE = YES;
				MACOSX_DEPLOYMENT_TARGET = 14.2;
				MTL_ENABLE_DEBUG_INFO = NO;
				MTL_FAST_MATH = YES;
				PRODUCT_NAME = "$(TARGET_NAME)";
				SDKROOT = macosx;
				SWIFT_COMPILATION_MODE = wholemodule;
				SWIFT_OPTIMIZATION_LEVEL = "-O";
				SWIFT_VERSION = 5.0;
			};
			name = Release;
		};
		BACD3464DEF708784FD1E673 /* Release */ = {
			isa = XCBuildConfiguration;
			buildSettings = {
				BUNDLE_LOADER = "$(TEST_HOST)";
				COMBINE_HIDPI_IMAGES = YES;
				GENERATE_INFOPLIST_FILE = YES;
				LD_RUNPATH_SEARCH_PATHS = (
					"$(inherited)",
					"@executable_path/../Frameworks",
					"@loader_path/../Frameworks",
				);
				PRODUCT_BUNDLE_IDENTIFIER = com.rasmus.DylanRecordTests;
				SDKROOT = macosx;
				SWIFT_VERSION = 6.0;
				TEST_HOST = "$(BUILT_PRODUCTS_DIR)/DylanRecord.app/Contents/MacOS/DylanRecord";
			};
			name = Release;
		};
/* End XCBuildConfiguration section */

/* Begin XCConfigurationList section */
		06F8299C97A69CB7AB01D3D8 /* Build configuration list for PBXNativeTarget "DylanRecordTests" */ = {
			isa = XCConfigurationList;
			buildConfigurations = (
				71A7F826667A56805407C8C0 /* Debug */,
				BACD3464DEF708784FD1E673 /* Release */,
			);
			defaultConfigurationIsVisible = 0;
			defaultConfigurationName = Debug;
		};
		0929A8BACC0477D035401186 /* Build configuration list for PBXProject "DylanRecord" */ = {
			isa = XCConfigurationList;
			buildConfigurations = (
				510ABB68AEF0D091102C5617 /* Debug */,
				92DBFA643E1F0370766BD38D /* Release */,
			);
			defaultConfigurationIsVisible = 0;
			defaultConfigurationName = Debug;
		};
		EFBECCAE30359166382CD5F8 /* Build configuration list for PBXNativeTarget "DylanRecord" */ = {
			isa = XCConfigurationList;
			buildConfigurations = (
				3411935453B395FC998E65A8 /* Debug */,
				37BE06C8686731BBD1F56A0D /* Release */,
			);
			defaultConfigurationIsVisible = 0;
			defaultConfigurationName = Debug;
		};
/* End XCConfigurationList section */
	};
	rootObject = FCA5B85ED68D5359B6A910D8 /* Project object */;
}
